
Microsoft Visual Studio Solution File, Format Version 12.00
# Visual Studio 15
VisualStudioVersion = 15.0.27130.2010
MinimumVisualStudioVersion = 10.0.40219.1
Project("{9A19103F-16F7-4668-BE54-9A1E7A4F7556}") = "IdentityAuthority", "IdentityAuthority\IdentityAuthority.csproj", "{925F7580-2966-4447-822E-BD3D54524DC6}"
EndProject
Project("{9A19103F-16F7-4668-BE54-9A1E7A4F7556}") = "ClientApplicationTest", "ClientApplicationTest\ClientApplicationTest.csproj", "{D336008D-8896-4D64-8DDF-757D57802DB0}"
EndProject
Project("{9A19103F-16F7-4668-BE54-9A1E7A4F7556}") = "CoreServices", "CoreServices\CoreServices.csproj", "{3752B8C7-FBC2-4C83-91B8-924F8E558E52}"
EndProject
Project("{FAE04EC0-301F-11D3-BF4B-00C04F79EFBC}") = "ClientApiTest", "ClientApiTest\ClientApiTest.csproj", "{169CF0A6-64A2-4FF9-ADE3-95A77A7B3C5C}"
EndProject
Global
	GlobalSection(SolutionConfigurationPlatforms) = preSolution
		Debug|Any CPU = Debug|Any CPU
		Release|Any CPU = Release|Any CPU
	EndGlobalSection
	GlobalSection(ProjectConfigurationPlatforms) = postSolution
		{925F7580-2966-4447-822E-BD3D54524DC6}.Debug|Any CPU.ActiveCfg = Debug|Any CPU
		{925F7580-2966-4447-822E-BD3D54524DC6}.Debug|Any CPU.Build.0 = Debug|Any CPU
		{925F7580-2966-4447-822E-BD3D54524DC6}.Release|Any CPU.ActiveCfg = Release|Any CPU
		{925F7580-2966-4447-822E-BD3D54524DC6}.Release|Any CPU.Build.0 = Release|Any CPU
		{D336008D-8896-4D64-8DDF-757D57802DB0}.Debug|Any CPU.ActiveCfg = Debug|Any CPU
		{D336008D-8896-4D64-8DDF-757D57802DB0}.Debug|Any CPU.Build.0 = Debug|Any CPU
		{D336008D-8896-4D64-8DDF-757D57802DB0}.Release|Any CPU.ActiveCfg = Release|Any CPU
		{D336008D-8896-4D64-8DDF-757D57802DB0}.Release|Any CPU.Build.0 = Release|Any CPU
		{3752B8C7-FBC2-4C83-91B8-924F8E558E52}.Debug|Any CPU.ActiveCfg = Debug|Any CPU
		{3752B8C7-FBC2-4C83-91B8-924F8E558E52}.Debug|Any CPU.Build.0 = Debug|Any CPU
		{3752B8C7-FBC2-4C83-91B8-924F8E558E52}.Release|Any CPU.ActiveCfg = Release|Any CPU
		{3752B8C7-FBC2-4C83-91B8-924F8E558E52}.Release|Any CPU.Build.0 = Release|Any CPU
		{169CF0A6-64A2-4FF9-ADE3-95A77A7B3C5C}.Debug|Any CPU.ActiveCfg = Debug|Any CPU
		{169CF0A6-64A2-4FF9-ADE3-95A77A7B3C5C}.Debug|Any CPU.Build.0 = Debug|Any CPU
		{169CF0A6-64A2-4FF9-ADE3-95A77A7B3C5C}.Release|Any CPU.ActiveCfg = Release|Any CPU
		{169CF0A6-64A2-4FF9-ADE3-95A77A7B3C5C}.Release|Any CPU.Build.0 = Release|Any CPU
	EndGlobalSection
	GlobalSection(SolutionProperties) = preSolution
		HideSolutionNode = FALSE
	EndGlobalSection
	GlobalSection(ExtensibilityGlobals) = postSolution
		SolutionGuid = {6AB4A2E8-F4C5-4769-8E54-AFD877BD9627}
	EndGlobalSection
EndGlobal
